
Microsoft Visual Studio Solution File, Format Version 12.00
# Visual Studio Version 16
VisualStudioVersion = 16.0.31515.178
MinimumVisualStudioVersion = 10.0.40219.1
Project("{FAE04EC0-301F-11D3-BF4B-00C04F79EFBC}") = "InAndOut", "InAndOut\InAndOut.csproj", "{60BEDE1B-27F2-4307-88C2-32C5BADBB4B5}"
EndProject
Global
	GlobalSection(SolutionConfigurationPlatforms) = preSolution
		Debug|Any CPU = Debug|Any CPU
		Release|Any CPU = Release|Any CPU
	EndGlobalSection
	GlobalSection(ProjectConfigurationPlatforms) = postSolution
		{60BEDE1B-27F2-4307-88C2-32C5BADBB4B5}.Debug|Any CPU.ActiveCfg = Debug|Any CPU
		{60BEDE1B-27F2-4307-88C2-32C5BADBB4B5}.Debug|Any CPU.Build.0 = Debug|Any CPU
		{60BEDE1B-27F2-4307-88C2-32C5BADBB4B5}.Release|Any CPU.ActiveCfg = Release|Any CPU
		{60BEDE1B-27F2-4307-88C2-32C5BADBB4B5}.Release|Any CPU.Build.0 = Release|Any CPU
	EndGlobalSection
	GlobalSection(SolutionProperties) = preSolution
		HideSolutionNode = FALSE
	EndGlobalSection
	GlobalSection(ExtensibilityGlobals) = postSolution
		SolutionGuid = {40D5AC3F-769B-4420-8E67-73AF9A758134}
	EndGlobalSection
EndGlobal
